
Microsoft Visual Studio Solution File, Format Version 12.00
# Visual Studio 2012
Project("{FAE04EC0-301F-11D3-BF4B-00C04F79EFBC}") = "FizzBuzzTests", "FizzBuzzTests\FizzBuzzTests.csproj", "{C38DC1B5-BB40-4E2D-825C-7E7D89F05C13}"
EndProject
Project("{FAE04EC0-301F-11D3-BF4B-00C04F79EFBC}") = "FizzBuzz", "FizzBuzz\FizzBuzz.csproj", "{5641EAEB-4803-4BF4-9838-994FFE2B966A}"
EndProject
Global
	GlobalSection(SolutionConfigurationPlatforms) = preSolution
		Debug|Any CPU = Debug|Any CPU
		Release|Any CPU = Release|Any CPU
	EndGlobalSection
	GlobalSection(ProjectConfigurationPlatforms) = postSolution
		{C38DC1B5-BB40-4E2D-825C-7E7D89F05C13}.Debug|Any CPU.ActiveCfg = Debug|Any CPU
		{C38DC1B5-BB40-4E2D-825C-7E7D89F05C13}.Debug|Any CPU.Build.0 = Debug|Any CPU
		{C38DC1B5-BB40-4E2D-825C-7E7D89F05C13}.Release|Any CPU.ActiveCfg = Release|Any CPU
		{C38DC1B5-BB40-4E2D-825C-7E7D89F05C13}.Release|Any CPU.Build.0 = Release|Any CPU
		{5641EAEB-4803-4BF4-9838-994FFE2B966A}.Debug|Any CPU.ActiveCfg = Debug|Any CPU
		{5641EAEB-4803-4BF4-9838-994FFE2B966A}.Debug|Any CPU.Build.0 = Debug|Any CPU
		{5641EAEB-4803-4BF4-9838-994FFE2B966A}.Release|Any CPU.ActiveCfg = Release|Any CPU
		{5641EAEB-4803-4BF4-9838-994FFE2B966A}.Release|Any CPU.Build.0 = Release|Any CPU
	EndGlobalSection
EndGlobal
